
Microsoft Visual Studio Solution File, Format Version 12.00
# Visual Studio Version 17
VisualStudioVersion = 17.8.34511.84
MinimumVisualStudioVersion = 10.0.40219.1
Project("{FAE04EC0-301F-11D3-BF4B-00C04F79EFBC}") = "MED_Tool", "MED_Tool\MED_Tool.csproj", "{9221968F-BF21-4655-A85E-047CCA1BF75D}"
EndProject
Global
	GlobalSection(SolutionConfigurationPlatforms) = preSolution
		Debug|Any CPU = Debug|Any CPU
		Release|Any CPU = Release|Any CPU
	EndGlobalSection
	GlobalSection(ProjectConfigurationPlatforms) = postSolution
		{9221968F-BF21-4655-A85E-047CCA1BF75D}.Debug|Any CPU.ActiveCfg = Debug|Any CPU
		{9221968F-BF21-4655-A85E-047CCA1BF75D}.Debug|Any CPU.Build.0 = Debug|Any CPU
		{9221968F-BF21-4655-A85E-047CCA1BF75D}.Release|Any CPU.ActiveCfg = Release|Any CPU
		{9221968F-BF21-4655-A85E-047CCA1BF75D}.Release|Any CPU.Build.0 = Release|Any CPU
	EndGlobalSection
	GlobalSection(SolutionProperties) = preSolution
		HideSolutionNode = FALSE
	EndGlobalSection
	GlobalSection(ExtensibilityGlobals) = postSolution
		SolutionGuid = {414AAE71-C471-49C4-B489-CACB0D32B263}
	EndGlobalSection
EndGlobal
